
Microsoft Visual Studio Solution File, Format Version 12.00
# Visual Studio Version 17
VisualStudioVersion = 17.5.33516.290
MinimumVisualStudioVersion = 10.0.40219.1
Project("{FAE04EC0-301F-11D3-BF4B-00C04F79EFBC}") = "ExampleProj", "ExampleProj\ExampleProj.csproj", "{319991C5-72B7-4A1F-BC3A-B225DD311CC2}"
EndProject
Project("{FAE04EC0-301F-11D3-BF4B-00C04F79EFBC}") = "Example", "Example\Example.csproj", "{AF9E770C-883E-496F-AEFE-DF679E0A948E}"
EndProject
Project("{FAE04EC0-301F-11D3-BF4B-00C04F79EFBC}") = "ExamplePlugin", "ExamplePlugin\ExamplePlugin.csproj", "{08FAC0BF-A53F-4E37-A5D0-B3CD09556982}"
EndProject
Global
	GlobalSection(SolutionConfigurationPlatforms) = preSolution
		Debug|Any CPU = Debug|Any CPU
		Release|Any CPU = Release|Any CPU
	EndGlobalSection
	GlobalSection(ProjectConfigurationPlatforms) = postSolution
		{319991C5-72B7-4A1F-BC3A-B225DD311CC2}.Debug|Any CPU.ActiveCfg = Debug|Any CPU
		{319991C5-72B7-4A1F-BC3A-B225DD311CC2}.Debug|Any CPU.Build.0 = Debug|Any CPU
		{319991C5-72B7-4A1F-BC3A-B225DD311CC2}.Release|Any CPU.ActiveCfg = Release|Any CPU
		{319991C5-72B7-4A1F-BC3A-B225DD311CC2}.Release|Any CPU.Build.0 = Release|Any CPU
		{AF9E770C-883E-496F-AEFE-DF679E0A948E}.Debug|Any CPU.ActiveCfg = Debug|Any CPU
		{AF9E770C-883E-496F-AEFE-DF679E0A948E}.Debug|Any CPU.Build.0 = Debug|Any CPU
		{AF9E770C-883E-496F-AEFE-DF679E0A948E}.Release|Any CPU.ActiveCfg = Release|Any CPU
		{AF9E770C-883E-496F-AEFE-DF679E0A948E}.Release|Any CPU.Build.0 = Release|Any CPU
		{08FAC0BF-A53F-4E37-A5D0-B3CD09556982}.Debug|Any CPU.ActiveCfg = Debug|Any CPU
		{08FAC0BF-A53F-4E37-A5D0-B3CD09556982}.Debug|Any CPU.Build.0 = Debug|Any CPU
		{08FAC0BF-A53F-4E37-A5D0-B3CD09556982}.Release|Any CPU.ActiveCfg = Release|Any CPU
		{08FAC0BF-A53F-4E37-A5D0-B3CD09556982}.Release|Any CPU.Build.0 = Release|Any CPU
	EndGlobalSection
	GlobalSection(SolutionProperties) = preSolution
		HideSolutionNode = FALSE
	EndGlobalSection
	GlobalSection(ExtensibilityGlobals) = postSolution
		SolutionGuid = {4DF87C54-7FB4-4633-86FD-10CA04998BB6}
	EndGlobalSection
EndGlobal
